// !$*UTF8*$!
{
    archiveVersion = 1;
    classes = {};
    objectVersion = 46;
    objects = {

/* Begin PBXBuildFile section */
        009F9B5B58824D6BADC90C45 /* Aero Matics Regular.ttf in Sources */ = {isa = PBXBuildFile; fileRef = 8C921E8B39E64239871A25F9 /* Aero Matics Regular.ttf */; };
        A91C9E7F427042FD9D8B0121 /* App.xaml in Sources */ = {isa = PBXBuildFile; fileRef = 63E44D3676484284AD561956 /* App.xaml */; };
        5C8DF7C26B33461093FA2131 /* MainWindow.xaml in Sources */ = {isa = PBXBuildFile; fileRef = D75C48E4392244A6A1949AF2 /* MainWindow.xaml */; };
        371697B551CD4C1A804549EA /* DateTime.cpp in Sources */ = {isa = PBXBuildFile; fileRef = 15652BAFD2284592939DF0DE /* DateTime.cpp */; };
        A1B1B7905E3240A48786B680 /* Main.cpp in Sources */ = {isa = PBXBuildFile; fileRef = BCCB619F30AA455A8329EC18 /* Main.cpp */; };
        C76073CB59F9471FA263741C /* Assets.xcassets in Resources */ = {isa = PBXBuildFile; fileRef = E9B3CACBCA4B4FC3A4BFD704 /* Assets.xcassets */; };
        A0360A6BA8B0488397EA5C23 /* Noesis.dylib in CopyFiles */ = {isa = PBXBuildFile; fileRef = B77DA5A59D1C49E0AF97ECC8 /* Noesis.dylib */; };
        68D2A95FD5C94E5E9C42DB86 /* NoesisApp.dylib in CopyFiles */ = {isa = PBXBuildFile; fileRef = D17895BF507744C9A84DAF60 /* NoesisApp.dylib */; };
        C3AA748CDD5F4D52B48716C2 /* AppKit.framework in Frameworks */ = {isa = PBXBuildFile; fileRef = 2C5A713915C24E5296321582 /* AppKit.framework */; };
        20FF4E2786F8482ABB243A86 /* Noesis.dylib in Frameworks */ = {isa = PBXBuildFile; fileRef = B77DA5A59D1C49E0AF97ECC8 /* Noesis.dylib */; };
        91D5E311CA604D29A1313181 /* NoesisApp.dylib in Frameworks */ = {isa = PBXBuildFile; fileRef = D17895BF507744C9A84DAF60 /* NoesisApp.dylib */; };
/* End PBXBuildFile section */

/* Begin PBXFileReference section */
        965D3B2AA21B4BBD8619DA24 /* Samples.CustomControl.app */ = {isa = PBXFileReference; explicitFileType = wrapper.application; includeInIndex = 0; path = Samples.CustomControl.app; sourceTree = BUILT_PRODUCTS_DIR; };
        2C5A713915C24E5296321582 /* AppKit.framework */ = {isa = PBXFileReference; lastKnownFileType = wrapper.framework; name = "AppKit.framework"; path = "System/Library/Frameworks/AppKit.framework"; sourceTree = SDKROOT; };
        B77DA5A59D1C49E0AF97ECC8 /* Noesis.dylib */ = {isa = PBXFileReference; lastKnownFileType = archive.ar; name = "Noesis.dylib"; path = "../../../../Bin/macos/Noesis.dylib"; sourceTree = SOURCE_ROOT; };
        D17895BF507744C9A84DAF60 /* NoesisApp.dylib */ = {isa = PBXFileReference; lastKnownFileType = archive.ar; name = "NoesisApp.dylib"; path = "../../../../Bin/macos/NoesisApp.dylib"; sourceTree = SOURCE_ROOT; };
        15652BAFD2284592939DF0DE /* DateTime.cpp */ = {isa = PBXFileReference; lastKnownFileType = sourcecode.cpp.cpp; name = "DateTime.cpp"; path = "../../../Packages/Samples/CustomControl/Src/DateTime.cpp"; sourceTree = SOURCE_ROOT; };
        74D5FD0D2E1744249D599274 /* DateTime.h */ = {isa = PBXFileReference; lastKnownFileType = sourcecode.c.h; name = "DateTime.h"; path = "../../../Packages/Samples/CustomControl/Src/DateTime.h"; sourceTree = SOURCE_ROOT; };
        BCCB619F30AA455A8329EC18 /* Main.cpp */ = {isa = PBXFileReference; lastKnownFileType = sourcecode.cpp.cpp; name = "Main.cpp"; path = "../../../Packages/Samples/CustomControl/Src/Main.cpp"; sourceTree = SOURCE_ROOT; };
        8C921E8B39E64239871A25F9 /* Aero Matics Regular.ttf */ = {isa = PBXFileReference; lastKnownFileType = file; name = "Aero Matics Regular.ttf"; path = "../../../Packages/Samples/CustomControl/Data/Aero Matics Regular.ttf"; sourceTree = SOURCE_ROOT; };
        63E44D3676484284AD561956 /* App.xaml */ = {isa = PBXFileReference; lastKnownFileType = file; name = "App.xaml"; path = "../../../Packages/Samples/CustomControl/Data/App.xaml"; sourceTree = SOURCE_ROOT; };
        D75C48E4392244A6A1949AF2 /* MainWindow.xaml */ = {isa = PBXFileReference; lastKnownFileType = file; name = "MainWindow.xaml"; path = "../../../Packages/Samples/CustomControl/Data/MainWindow.xaml"; sourceTree = SOURCE_ROOT; };
        BB8AED0A1A1C4A05B2C0275C /* info.plist */ = {isa = PBXFileReference; lastKnownFileType = text.plist.xml; name = "info.plist"; path = "info.plist"; sourceTree = SOURCE_ROOT; };
        E9B3CACBCA4B4FC3A4BFD704 /* Assets.xcassets */ = {isa = PBXFileReference; lastKnownFileType = folder.assetcatalog; name = "Assets.xcassets"; path = "Assets.xcassets"; sourceTree = SOURCE_ROOT; };
/* End PBXFileReference section */

/* Begin PBXGroup section */
        0BBA8580760F4067ACCCE4DF = {
            isa = PBXGroup;
            children = (
                15652BAFD2284592939DF0DE,
                74D5FD0D2E1744249D599274,
                BCCB619F30AA455A8329EC18,
            );
            name = Src;
            sourceTree = "<group>";
        };
        6A65EA7A6E6C4448B834BB77 = {
            isa = PBXGroup;
            children = (
                8C921E8B39E64239871A25F9,
                63E44D3676484284AD561956,
                D75C48E4392244A6A1949AF2,
            );
            name = Data;
            sourceTree = "<group>";
        };
        83179BDEE185423DBFB84A19 = {
            isa = PBXGroup;
            children = (
                BB8AED0A1A1C4A05B2C0275C,
                E9B3CACBCA4B4FC3A4BFD704,
            );
            name = Resources;
            sourceTree = "<group>";
        };
        4DFDCDDB77A44FAC913F57FF = {
            isa = PBXGroup;
            children = (
                965D3B2AA21B4BBD8619DA24,
            );
            name = Products;
            sourceTree = "<group>";
        };
        015D55CA3BE74756858232A9 = {
            isa = PBXGroup;
            children = (
                2C5A713915C24E5296321582,
                B77DA5A59D1C49E0AF97ECC8,
                D17895BF507744C9A84DAF60,
            );
            name = Dependencies;
            sourceTree = "<group>";
        };
        D45CEFEAB8C04F5C81F0361F = {
            isa = PBXGroup;
            children = (
                0BBA8580760F4067ACCCE4DF,
                6A65EA7A6E6C4448B834BB77,
                83179BDEE185423DBFB84A19,
                4DFDCDDB77A44FAC913F57FF,
                015D55CA3BE74756858232A9,
                5FB88E9456DD4B8CAAB5B63E,
            );
            sourceTree = "<group>";
        };
/* End PBXGroup section */

/* Begin PBXSourcesBuildPhase section */
        4A9CF35F916A4563B5D1C8B1 = {
            isa = PBXSourcesBuildPhase;
            buildActionMask = 2147483647;
            files = (
                009F9B5B58824D6BADC90C45,
                A91C9E7F427042FD9D8B0121,
                5C8DF7C26B33461093FA2131,
                371697B551CD4C1A804549EA,
                A1B1B7905E3240A48786B680,
            );
            runOnlyForDeploymentPostprocessing = 0;
        };
/* End PBXSourcesBuildPhase section */

/* Begin PBXBuildRule section */
        7B5C79303FEA4924B111AA5B = {
            isa = PBXBuildRule;
            compilerSpec = com.apple.compilers.proxy.script;
            filePatterns = "*.xaml *.ttf";
            fileType = pattern.proxy;
            isEditable = 0;
            outputFiles = (
                "${DERIVED_FILE_DIR}/${INPUT_FILE_NAME}.bin.h"
            );
            runOncePerArchitecture = 0;
            script = "../../../Tools/Bin2h/bin2h.py \"${INPUT_FILE_PATH}\" > \"${DERIVED_SOURCES_DIR}/${INPUT_FILE_NAME}.bin.h\"";
        };
/* End PBXBuildRule section */

/* Begin PBXFrameworksBuildPhase section */
        B486A98FAD8E4C8E86FD9897 = {
            isa = PBXFrameworksBuildPhase;
            buildActionMask = 2147483647;
            files = (
                C3AA748CDD5F4D52B48716C2,
                20FF4E2786F8482ABB243A86,
                91D5E311CA604D29A1313181,
            );
            runOnlyForDeploymentPostprocessing = 0;
        };
/* End PBXFrameworksBuildPhase section */

/* Begin PBXResourcesBuildPhase section */
        8292047862994AB08A82CBA4 = {
            isa = PBXResourcesBuildPhase;
            buildActionMask = 2147483647;
            files = (
                C76073CB59F9471FA263741C,
            );
            runOnlyForDeploymentPostprocessing = 0;
        };
/* End PBXResourcesBuildPhase section */

/* Begin PBXCopyFilesBuildPhase section */
        35596746EE624F319C2C90DF = {
            isa = PBXCopyFilesBuildPhase;
            buildActionMask = 2147483647;
            dstPath = "";
            dstSubfolderSpec = 10;
            files = (
                A0360A6BA8B0488397EA5C23,
                68D2A95FD5C94E5E9C42DB86,
            );
            runOnlyForDeploymentPostprocessing = 0;
        };
/* End PBXCopyFilesBuildPhase section */

/* Begin PBXNativeTarget section */
        E6FF331EB0C23230A3C89D97 = {
            isa = PBXNativeTarget;
            buildConfigurationList = CFA56BD4CA834FCCB2971059;
            buildPhases = (
                4A9CF35F916A4563B5D1C8B1,
                B486A98FAD8E4C8E86FD9897,
                8292047862994AB08A82CBA4,
                35596746EE624F319C2C90DF,
            );
            buildRules = (
                7B5C79303FEA4924B111AA5B,
            );
            dependencies = ();
            name = Samples.CustomControl;
            productName = Samples.CustomControl;
            productReference = 965D3B2AA21B4BBD8619DA24;
            productType = "com.apple.product-type.application";
        };
/* End PBXNativeTarget section */

/* Begin PBXProject section */
        B87B06CD82AD4904A8C47F75 = {
            isa = PBXProject;
            attributes = { LastUpgradeCheck = 9999; };
            buildConfigurationList = F7BD87B6406D475FA5407AC9;
            compatibilityVersion = "Xcode 3.2";
            developmentRegion = en;
            hasScannedForEncodings = 0;
            knownRegions = (en, Base,);
            mainGroup = D45CEFEAB8C04F5C81F0361F;
            productRefGroup = 4DFDCDDB77A44FAC913F57FF;
            projectDirPath = "";
            projectRoot = "";
            targets = (E6FF331EB0C23230A3C89D97,);
        };
/* End PBXProject section */

/* Begin XCBuildConfiguration section */
        C7D945BDA198482EB94F059C = {
            isa = XCBuildConfiguration;
            buildSettings = {
                CLANG_CXX_LANGUAGE_STANDARD = "c++0x";
                CLANG_CXX_LIBRARY = "libc++";
                CLANG_ENABLE_OBJC_WEAK = YES;
                CLANG_ENABLE_MODULES = YES;
                CLANG_WARN_BLOCK_CAPTURE_AUTORELEASING = YES;
                CLANG_WARN_DOCUMENTATION_COMMENTS = YES;
                CLANG_WARN_COMMA = YES;
                CLANG_WARN_INFINITE_RECURSION = YES;
                CLANG_WARN_RANGE_LOOP_ANALYSIS = YES;
                CLANG_WARN_STRICT_PROTOTYPES = YES;
                CLANG_WARN_SUSPICIOUS_MOVE = YES;
                CLANG_WARN_UNREACHABLE_CODE = YES;
                CLANG_WARN_EMPTY_BODY = YES;
                CLANG_WARN_CONSTANT_CONVERSION = YES;
                CLANG_WARN_ENUM_CONVERSION = YES;
                CLANG_WARN_INT_CONVERSION = YES;
                CLANG_WARN_SUSPICIOUS_IMPLICIT_CONVERSION = YES;
                CLANG_WARN_DEPRECATED_OBJC_IMPLEMENTATIONS = YES;
                CLANG_WARN_OBJC_IMPLICIT_RETAIN_SELF = YES;
                CLANG_WARN_QUOTED_INCLUDE_IN_FRAMEWORK_HEADER = YES;
                CLANG_WARN__DUPLICATE_METHOD_MATCH = YES;
                GCC_ENABLE_CPP_EXCEPTIONS = NO;
                GCC_ENABLE_OBJC_EXCEPTIONS = NO;
                GCC_ENABLE_PASCAL_STRINGS = NO;
                GCC_INLINES_ARE_PRIVATE_EXTERN = YES;
                GCC_SYMBOLS_PRIVATE_EXTERN = YES;
                GCC_THREADSAFE_STATICS = NO;
                GCC_TREAT_WARNINGS_AS_ERRORS = YES;
                GCC_WARN_SHADOW = YES;
                GCC_WARN_64_TO_32_BIT_CONVERSION = YES;
                GCC_NO_COMMON_BLOCKS = YES;
                GCC_WARN_UNDECLARED_SELECTOR = YES;
                GCC_WARN_UNUSED_FUNCTION = YES;
                GCC_WARN_ABOUT_RETURN_TYPE = YES;
                GCC_WARN_UNINITIALIZED_AUTOS = YES;
                GCC_WARN_UNUSED_VARIABLE = YES;
                DEAD_CODE_STRIPPING = YES;
                ENABLE_STRICT_OBJC_MSGSEND = YES;
                WARNING_CFLAGS = "-Wall -Wdeprecated-copy";
                COPY_PHASE_STRIP = NO;
                GCC_OPTIMIZATION_LEVEL = 0;
                ENABLE_NS_ASSERTIONS = YES;
                DEBUG_INFORMATION_FORMAT = dwarf-with-dsym;
                DEPLOYMENT_POSTPROCESSING = NO;
                SDKROOT = macosx;
                MACOSX_DEPLOYMENT_TARGET = 10.13;
                HEADER_SEARCH_PATHS = (../../../../Include,../../../Packages/App/ApplicationLauncher/Include,../../../Packages/App/Display/Include,../../../Packages/App/DisplayLauncher/Include,../../../Packages/App/Launcher/Include,../../../Packages/App/Providers/Include);
                GCC_PREPROCESSOR_DEFINITIONS = ("NS_BUILD","NS_CONFIG=Debug","NS_VERSION=3.2.2","NS_APP_FRAMEWORK","NS_LICENSE","NS_DEBUG","NS_PROFILE","NS_MINIMUM_LOG_LEVEL=1","_DEBUG","DEBUG","$(inherited)");
                LIBRARY_SEARCH_PATHS = ();
                OTHER_LDFLAGS = ();
                GCC_ENABLE_CPP_RTTI = YES;
                STRIP_STYLE = all;
                CONFIGURATION_BUILD_DIR = "$(PROJECT_DIR)/../../../../Bin/macos";
                USE_HEADERMAP = NO;
            };
            name = Debug;
        };
        4321B374A3A0459F914DDC69 = {
            isa = XCBuildConfiguration;
            buildSettings = {
                PRODUCT_BUNDLE_IDENTIFIER = "com.noesisengine.${PRODUCT_NAME:rfc1034identifier}";
                PRODUCT_NAME = "$(TARGET_NAME)";
                CURRENT_PROJECT_VERSION = 3.2.2;
                DYLIB_COMPATIBILITY_VERSION = "$(CURRENT_PROJECT_VERSION)";
                DYLIB_CURRENT_VERSION = "$(CURRENT_PROJECT_VERSION)";
                GCC_INPUT_FILETYPE = "sourcecode.cpp.objcpp";
                ASSETCATALOG_COMPILER_APPICON_NAME = AppIcon;
                CODE_SIGN_IDENTITY = "-";
                INFOPLIST_FILE = info.plist;
                LD_RUNPATH_SEARCH_PATHS = "@executable_path/../../../ @executable_path/../Frameworks/";
            };
            name = Debug;
        };
        1063244714C842908526DCED = {
            isa = XCBuildConfiguration;
            buildSettings = {
                CLANG_CXX_LANGUAGE_STANDARD = "c++0x";
                CLANG_CXX_LIBRARY = "libc++";
                CLANG_ENABLE_OBJC_WEAK = YES;
                CLANG_ENABLE_MODULES = YES;
                CLANG_WARN_BLOCK_CAPTURE_AUTORELEASING = YES;
                CLANG_WARN_DOCUMENTATION_COMMENTS = YES;
                CLANG_WARN_COMMA = YES;
                CLANG_WARN_INFINITE_RECURSION = YES;
                CLANG_WARN_RANGE_LOOP_ANALYSIS = YES;
                CLANG_WARN_STRICT_PROTOTYPES = YES;
                CLANG_WARN_SUSPICIOUS_MOVE = YES;
                CLANG_WARN_UNREACHABLE_CODE = YES;
                CLANG_WARN_EMPTY_BODY = YES;
                CLANG_WARN_CONSTANT_CONVERSION = YES;
                CLANG_WARN_ENUM_CONVERSION = YES;
                CLANG_WARN_INT_CONVERSION = YES;
                CLANG_WARN_SUSPICIOUS_IMPLICIT_CONVERSION = YES;
                CLANG_WARN_DEPRECATED_OBJC_IMPLEMENTATIONS = YES;
                CLANG_WARN_OBJC_IMPLICIT_RETAIN_SELF = YES;
                CLANG_WARN_QUOTED_INCLUDE_IN_FRAMEWORK_HEADER = YES;
                CLANG_WARN__DUPLICATE_METHOD_MATCH = YES;
                GCC_ENABLE_CPP_EXCEPTIONS = NO;
                GCC_ENABLE_OBJC_EXCEPTIONS = NO;
                GCC_ENABLE_PASCAL_STRINGS = NO;
                GCC_INLINES_ARE_PRIVATE_EXTERN = YES;
                GCC_SYMBOLS_PRIVATE_EXTERN = YES;
                GCC_THREADSAFE_STATICS = NO;
                GCC_TREAT_WARNINGS_AS_ERRORS = YES;
                GCC_WARN_SHADOW = YES;
                GCC_WARN_64_TO_32_BIT_CONVERSION = YES;
                GCC_NO_COMMON_BLOCKS = YES;
                GCC_WARN_UNDECLARED_SELECTOR = YES;
                GCC_WARN_UNUSED_FUNCTION = YES;
                GCC_WARN_ABOUT_RETURN_TYPE = YES;
                GCC_WARN_UNINITIALIZED_AUTOS = YES;
                GCC_WARN_UNUSED_VARIABLE = YES;
                DEAD_CODE_STRIPPING = YES;
                ENABLE_STRICT_OBJC_MSGSEND = YES;
                WARNING_CFLAGS = "-Wall -Wdeprecated-copy";
                COPY_PHASE_STRIP = NO;
                GCC_OPTIMIZATION_LEVEL = fast;
                GCC_FAST_MATH = YES;
                ENABLE_NS_ASSERTIONS = NO;
                DEBUG_INFORMATION_FORMAT = dwarf-with-dsym;
                DEPLOYMENT_POSTPROCESSING = YES;
                STRIP_INSTALLED_PRODUCT = YES;
                SDKROOT = macosx;
                MACOSX_DEPLOYMENT_TARGET = 10.13;
                HEADER_SEARCH_PATHS = (../../../../Include,../../../Packages/App/ApplicationLauncher/Include,../../../Packages/App/Display/Include,../../../Packages/App/DisplayLauncher/Include,../../../Packages/App/Launcher/Include,../../../Packages/App/Providers/Include);
                GCC_PREPROCESSOR_DEFINITIONS = ("NS_BUILD","NS_CONFIG=Profile","NS_VERSION=3.2.2","NS_APP_FRAMEWORK","NS_LICENSE","NS_PROFILE","NS_MINIMUM_LOG_LEVEL=2","NDEBUG","$(inherited)");
                LIBRARY_SEARCH_PATHS = ();
                OTHER_LDFLAGS = ();
                GCC_ENABLE_CPP_RTTI = YES;
                STRIP_STYLE = all;
                CONFIGURATION_BUILD_DIR = "$(PROJECT_DIR)/../../../../Bin/macos";
                USE_HEADERMAP = NO;
            };
            name = Profile;
        };
        DD6EC95BF8884208909655FB = {
            isa = XCBuildConfiguration;
            buildSettings = {
                PRODUCT_BUNDLE_IDENTIFIER = "com.noesisengine.${PRODUCT_NAME:rfc1034identifier}";
                PRODUCT_NAME = "$(TARGET_NAME)";
                CURRENT_PROJECT_VERSION = 3.2.2;
                DYLIB_COMPATIBILITY_VERSION = "$(CURRENT_PROJECT_VERSION)";
                DYLIB_CURRENT_VERSION = "$(CURRENT_PROJECT_VERSION)";
                GCC_INPUT_FILETYPE = "sourcecode.cpp.objcpp";
                ASSETCATALOG_COMPILER_APPICON_NAME = AppIcon;
                CODE_SIGN_IDENTITY = "-";
                INFOPLIST_FILE = info.plist;
                LD_RUNPATH_SEARCH_PATHS = "@executable_path/../../../ @executable_path/../Frameworks/";
            };
            name = Profile;
        };
        C4D29C9436B84184B0A3CC41 = {
            isa = XCBuildConfiguration;
            buildSettings = {
                CLANG_CXX_LANGUAGE_STANDARD = "c++0x";
                CLANG_CXX_LIBRARY = "libc++";
                CLANG_ENABLE_OBJC_WEAK = YES;
                CLANG_ENABLE_MODULES = YES;
                CLANG_WARN_BLOCK_CAPTURE_AUTORELEASING = YES;
                CLANG_WARN_DOCUMENTATION_COMMENTS = YES;
                CLANG_WARN_COMMA = YES;
                CLANG_WARN_INFINITE_RECURSION = YES;
                CLANG_WARN_RANGE_LOOP_ANALYSIS = YES;
                CLANG_WARN_STRICT_PROTOTYPES = YES;
                CLANG_WARN_SUSPICIOUS_MOVE = YES;
                CLANG_WARN_UNREACHABLE_CODE = YES;
                CLANG_WARN_EMPTY_BODY = YES;
                CLANG_WARN_CONSTANT_CONVERSION = YES;
                CLANG_WARN_ENUM_CONVERSION = YES;
                CLANG_WARN_INT_CONVERSION = YES;
                CLANG_WARN_SUSPICIOUS_IMPLICIT_CONVERSION = YES;
                CLANG_WARN_DEPRECATED_OBJC_IMPLEMENTATIONS = YES;
                CLANG_WARN_OBJC_IMPLICIT_RETAIN_SELF = YES;
                CLANG_WARN_QUOTED_INCLUDE_IN_FRAMEWORK_HEADER = YES;
                CLANG_WARN__DUPLICATE_METHOD_MATCH = YES;
                GCC_ENABLE_CPP_EXCEPTIONS = NO;
                GCC_ENABLE_OBJC_EXCEPTIONS = NO;
                GCC_ENABLE_PASCAL_STRINGS = NO;
                GCC_INLINES_ARE_PRIVATE_EXTERN = YES;
                GCC_SYMBOLS_PRIVATE_EXTERN = YES;
                GCC_THREADSAFE_STATICS = NO;
                GCC_TREAT_WARNINGS_AS_ERRORS = YES;
                GCC_WARN_SHADOW = YES;
                GCC_WARN_64_TO_32_BIT_CONVERSION = YES;
                GCC_NO_COMMON_BLOCKS = YES;
                GCC_WARN_UNDECLARED_SELECTOR = YES;
                GCC_WARN_UNUSED_FUNCTION = YES;
                GCC_WARN_ABOUT_RETURN_TYPE = YES;
                GCC_WARN_UNINITIALIZED_AUTOS = YES;
                GCC_WARN_UNUSED_VARIABLE = YES;
                DEAD_CODE_STRIPPING = YES;
                ENABLE_STRICT_OBJC_MSGSEND = YES;
                WARNING_CFLAGS = "-Wall -Wdeprecated-copy";
                COPY_PHASE_STRIP = NO;
                GCC_OPTIMIZATION_LEVEL = fast;
                GCC_FAST_MATH = YES;
                OTHER_CFLAGS= "-fomit-frame-pointer";
                ENABLE_NS_ASSERTIONS = NO;
                DEBUG_INFORMATION_FORMAT = dwarf-with-dsym;
                DEPLOYMENT_POSTPROCESSING = YES;
                STRIP_INSTALLED_PRODUCT = YES;
                SDKROOT = macosx;
                MACOSX_DEPLOYMENT_TARGET = 10.13;
                HEADER_SEARCH_PATHS = (../../../../Include,../../../Packages/App/ApplicationLauncher/Include,../../../Packages/App/Display/Include,../../../Packages/App/DisplayLauncher/Include,../../../Packages/App/Launcher/Include,../../../Packages/App/Providers/Include);
                GCC_PREPROCESSOR_DEFINITIONS = ("NS_BUILD","NS_CONFIG=Release","NS_VERSION=3.2.2","NS_APP_FRAMEWORK","NS_LICENSE","NDEBUG","$(inherited)");
                LIBRARY_SEARCH_PATHS = ();
                OTHER_LDFLAGS = ();
                GCC_ENABLE_CPP_RTTI = YES;
                STRIP_STYLE = all;
                CONFIGURATION_BUILD_DIR = "$(PROJECT_DIR)/../../../../Bin/macos";
                USE_HEADERMAP = NO;
            };
            name = Release;
        };
        5A9EB723454F497DAEF248F0 = {
            isa = XCBuildConfiguration;
            buildSettings = {
                PRODUCT_BUNDLE_IDENTIFIER = "com.noesisengine.${PRODUCT_NAME:rfc1034identifier}";
                PRODUCT_NAME = "$(TARGET_NAME)";
                CURRENT_PROJECT_VERSION = 3.2.2;
                DYLIB_COMPATIBILITY_VERSION = "$(CURRENT_PROJECT_VERSION)";
                DYLIB_CURRENT_VERSION = "$(CURRENT_PROJECT_VERSION)";
                GCC_INPUT_FILETYPE = "sourcecode.cpp.objcpp";
                ASSETCATALOG_COMPILER_APPICON_NAME = AppIcon;
                CODE_SIGN_IDENTITY = "-";
                INFOPLIST_FILE = info.plist;
                LD_RUNPATH_SEARCH_PATHS = "@executable_path/../../../ @executable_path/../Frameworks/";
            };
            name = Release;
        };
/* End XCBuildConfiguration section */

/* Begin XCConfigurationList section */
        F7BD87B6406D475FA5407AC9 = {
            isa = XCConfigurationList;
            buildConfigurations = (C7D945BDA198482EB94F059C,1063244714C842908526DCED,C4D29C9436B84184B0A3CC41);
            defaultConfigurationIsVisible = 0;
            defaultConfigurationName = Release;
        };

        CFA56BD4CA834FCCB2971059 = {
            isa = XCConfigurationList;
            buildConfigurations = (4321B374A3A0459F914DDC69,DD6EC95BF8884208909655FB,5A9EB723454F497DAEF248F0);
            defaultConfigurationIsVisible = 0;
            defaultConfigurationName = Release;
        };
/* End XCConfigurationList section */
    };
    rootObject = B87B06CD82AD4904A8C47F75;
}
